
Microsoft Visual Studio Solution File, Format Version 12.00
# Visual Studio Version 17
VisualStudioVersion = 17.13.35913.81 d17.13
MinimumVisualStudioVersion = 10.0.40219.1
Project("{FAE04EC0-301F-11D3-BF4B-00C04F79EFBC}") = "Method", "Method.csproj", "{784A0F8B-961E-49FA-A0DE-713CCFF03754}"
EndProject
Global
	GlobalSection(SolutionConfigurationPlatforms) = preSolution
		Debug|Any CPU = Debug|Any CPU
		Release|Any CPU = Release|Any CPU
	EndGlobalSection
	GlobalSection(ProjectConfigurationPlatforms) = postSolution
		{784A0F8B-961E-49FA-A0DE-713CCFF03754}.Debug|Any CPU.ActiveCfg = Debug|Any CPU
		{784A0F8B-961E-49FA-A0DE-713CCFF03754}.Debug|Any CPU.Build.0 = Debug|Any CPU
		{784A0F8B-961E-49FA-A0DE-713CCFF03754}.Release|Any CPU.ActiveCfg = Release|Any CPU
		{784A0F8B-961E-49FA-A0DE-713CCFF03754}.Release|Any CPU.Build.0 = Release|Any CPU
	EndGlobalSection
	GlobalSection(SolutionProperties) = preSolution
		HideSolutionNode = FALSE
	EndGlobalSection
	GlobalSection(ExtensibilityGlobals) = postSolution
		SolutionGuid = {0FE0DDEB-CA30-4300-AD99-857841777D0F}
	EndGlobalSection
EndGlobal
